PODS:
  - ADNetPromoterScoreSurvey (2.1.2)

DEPENDENCIES:
  - ADNetPromoterScoreSurvey (from `..`)

EXTERNAL SOURCES:
  ADNetPromoterScoreSurvey:
    :path: ".."

SPEC CHECKSUMS:
  ADNetPromoterScoreSurvey: e750677b8d4cd77d490e7ef291cbf61a70ad6382

PODFILE CHECKSUM: 68ae3a097c699cfa88cc100ee5bd0eeb9a000c8b

COCOAPODS: 1.11.2
