PODS:
  - ADNetPromoterScoreSurvey (2.0.0)

DEPENDENCIES:
  - ADNetPromoterScoreSurvey (from `..`)

EXTERNAL SOURCES:
  ADNetPromoterScoreSurvey:
    :path: ..

SPEC CHECKSUMS:
  ADNetPromoterScoreSurvey: 27adbc43f88d934994fa755169288a79070988a6

PODFILE CHECKSUM: 68ae3a097c699cfa88cc100ee5bd0eeb9a000c8b

COCOAPODS: 1.4.0
