// !$*UTF8*$!
{
	archiveVersion = 1;
	classes = {
	};
	objectVersion = 46;
	objects = {

/* Begin PBXBuildFile section */
		271168C6FF972A6216D94AEA /* Pods_NetPromoterScoreSurveyExample.framework in Frameworks */ = {isa = PBXBuildFile; fileRef = DCA8593E9BCCFC32E98EC410 /* Pods_NetPromoterScoreSurveyExample.framework */; };
		F15368C81F7D1AB6008343F5 /* AppDelegate.swift in Sources */ = {isa = PBXBuildFile; fileRef = F15368C71F7D1AB6008343F5 /* AppDelegate.swift */; };
		F15368CA1F7D1AB6008343F5 /* ViewController.swift in Sources */ = {isa = PBXBuildFile; fileRef = F15368C91F7D1AB6008343F5 /* ViewController.swift */; };
		F15368CD1F7D1AB6008343F5 /* Main.storyboard in Resources */ = {isa = PBXBuildFile; fileRef = F15368CB1F7D1AB6008343F5 /* Main.storyboard */; };
		F15368CF1F7D1AB6008343F5 /* Assets.xcassets in Resources */ = {isa = PBXBuildFile; fileRef = F15368CE1F7D1AB6008343F5 /* Assets.xcassets */; };
		F15368D21F7D1AB6008343F5 /* LaunchScreen.storyboard in Resources */ = {isa = PBXBuildFile; fileRef = F15368D01F7D1AB6008343F5 /* LaunchScreen.storyboard */; };
/* End PBXBuildFile section */

/* Begin PBXFileReference section */
		540ECE4704919F1C6B36DC42 /* Pods-NetPromoterScoreSurveyExample.debug.xcconfig */ = {isa = PBXFileReference; includeInIndex = 1; lastKnownFileType = text.xcconfig; name = "Pods-NetPromoterScoreSurveyExample.debug.xcconfig"; path = "Pods/Target Support Files/Pods-NetPromoterScoreSurveyExample/Pods-NetPromoterScoreSurveyExample.debug.xcconfig"; sourceTree = "<group>"; };
		D42E52F79105CF155A352D09 /* Pods-NetPromoterScoreSurveyExample.release.xcconfig */ = {isa = PBXFileReference; includeInIndex = 1; lastKnownFileType = text.xcconfig; name = "Pods-NetPromoterScoreSurveyExample.release.xcconfig"; path = "Pods/Target Support Files/Pods-NetPromoterScoreSurveyExample/Pods-NetPromoterScoreSurveyExample.release.xcconfig"; sourceTree = "<group>"; };
		DCA8593E9BCCFC32E98EC410 /* Pods_NetPromoterScoreSurveyExample.framework */ = {isa = PBXFileReference; explicitFileType = wrapper.framework; includeInIndex = 0; path = Pods_NetPromoterScoreSurveyExample.framework; sourceTree = BUILT_PRODUCTS_DIR; };
		F15368C41F7D1AB6008343F5 /* NetPromoterScoreSurveyExample.app */ = {isa = PBXFileReference; explicitFileType = wrapper.application; includeInIndex = 0; path = NetPromoterScoreSurveyExample.app; sourceTree = BUILT_PRODUCTS_DIR; };
		F15368C71F7D1AB6008343F5 /* AppDelegate.swift */ = {isa = PBXFileReference; lastKnownFileType = sourcecode.swift; path = AppDelegate.swift; sourceTree = "<group>"; };
		F15368C91F7D1AB6008343F5 /* ViewController.swift */ = {isa = PBXFileReference; lastKnownFileType = sourcecode.swift; path = ViewController.swift; sourceTree = "<group>"; };
		F15368CC1F7D1AB6008343F5 /* Base */ = {isa = PBXFileReference; lastKnownFileType = file.storyboard; name = Base; path = Base.lproj/Main.storyboard; sourceTree = "<group>"; };
		F15368CE1F7D1AB6008343F5 /* Assets.xcassets */ = {isa = PBXFileReference; lastKnownFileType = folder.assetcatalog; path = Assets.xcassets; sourceTree = "<group>"; };
		F15368D11F7D1AB6008343F5 /* Base */ = {isa = PBXFileReference; lastKnownFileType = file.storyboard; name = Base; path = Base.lproj/LaunchScreen.storyboard; sourceTree = "<group>"; };
		F15368D31F7D1AB6008343F5 /* Info.plist */ = {isa = PBXFileReference; lastKnownFileType = text.plist.xml; path = Info.plist; sourceTree = "<group>"; };
/* End PBXFileReference section */

/* Begin PBXFrameworksBuildPhase section */
		F15368C11F7D1AB6008343F5 /* Frameworks */ = {
			isa = PBXFrameworksBuildPhase;
			buildActionMask = 2147483647;
			files = (
				271168C6FF972A6216D94AEA /* Pods_NetPromoterScoreSurveyExample.framework in Frameworks */,
			);
			runOnlyForDeploymentPostprocessing = 0;
		};
/* End PBXFrameworksBuildPhase section */

/* Begin PBXGroup section */
		09BA7EF2FEAED51B4C0D6DCC /* Pods */ = {
			isa = PBXGroup;
			children = (
				540ECE4704919F1C6B36DC42 /* Pods-NetPromoterScoreSurveyExample.debug.xcconfig */,
				D42E52F79105CF155A352D09 /* Pods-NetPromoterScoreSurveyExample.release.xcconfig */,
			);
			name = Pods;
			sourceTree = "<group>";
		};
		9CB2F4DB78454E76EDF19D87 /* Frameworks */ = {
			isa = PBXGroup;
			children = (
				DCA8593E9BCCFC32E98EC410 /* Pods_NetPromoterScoreSurveyExample.framework */,
			);
			name = Frameworks;
			sourceTree = "<group>";
		};
		F15368BB1F7D1AB6008343F5 = {
			isa = PBXGroup;
			children = (
				F15368C61F7D1AB6008343F5 /* NetPromoterScoreSurveyExample */,
				F15368C51F7D1AB6008343F5 /* Products */,
				09BA7EF2FEAED51B4C0D6DCC /* Pods */,
				9CB2F4DB78454E76EDF19D87 /* Frameworks */,
			);
			sourceTree = "<group>";
		};
		F15368C51F7D1AB6008343F5 /* Products */ = {
			isa = PBXGroup;
			children = (
				F15368C41F7D1AB6008343F5 /* NetPromoterScoreSurveyExample.app */,
			);
			name = Products;
			sourceTree = "<group>";
		};
		F15368C61F7D1AB6008343F5 /* NetPromoterScoreSurveyExample */ = {
			isa = PBXGroup;
			children = (
				F15368C71F7D1AB6008343F5 /* AppDelegate.swift */,
				F15368C91F7D1AB6008343F5 /* ViewController.swift */,
				F15368CB1F7D1AB6008343F5 /* Main.storyboard */,
				F15368CE1F7D1AB6008343F5 /* Assets.xcassets */,
				F15368D01F7D1AB6008343F5 /* LaunchScreen.storyboard */,
				F15368D31F7D1AB6008343F5 /* Info.plist */,
			);
			path = NetPromoterScoreSurveyExample;
			sourceTree = "<group>";
		};
/* End PBXGroup section */

/* Begin PBXNativeTarget section */
		F15368C31F7D1AB6008343F5 /* NetPromoterScoreSurveyExample */ = {
			isa = PBXNativeTarget;
			buildConfigurationList = F15368D61F7D1AB6008343F5 /* Build configuration list for PBXNativeTarget "NetPromoterScoreSurveyExample" */;
			buildPhases = (
				03049BC10F9A1F14FF62BB47 /* [CP] Check Pods Manifest.lock */,
				F15368C01F7D1AB6008343F5 /* Sources */,
				F15368C11F7D1AB6008343F5 /* Frameworks */,
				F15368C21F7D1AB6008343F5 /* Resources */,
				EABE85135DE69F9D94076957 /* [CP] Embed Pods Frameworks */,
			);
			buildRules = (
			);
			dependencies = (
			);
			name = NetPromoterScoreSurveyExample;
			productName = NetPromoterScoreSurveyExample;
			productReference = F15368C41F7D1AB6008343F5 /* NetPromoterScoreSurveyExample.app */;
			productType = "com.apple.product-type.application";
		};
/* End PBXNativeTarget section */

/* Begin PBXProject section */
		F15368BC1F7D1AB6008343F5 /* Project object */ = {
			isa = PBXProject;
			attributes = {
				LastSwiftUpdateCheck = 0830;
				LastUpgradeCheck = 1020;
				ORGANIZATIONNAME = Autodesk;
				TargetAttributes = {
					F15368C31F7D1AB6008343F5 = {
						CreatedOnToolsVersion = 8.3.3;
						LastSwiftMigration = 0920;
						ProvisioningStyle = Automatic;
					};
				};
			};
			buildConfigurationList = F15368BF1F7D1AB6008343F5 /* Build configuration list for PBXProject "NetPromoterScoreSurveyExample" */;
			compatibilityVersion = "Xcode 3.2";
			developmentRegion = en;
			hasScannedForEncodings = 0;
			knownRegions = (
				en,
				Base,
			);
			mainGroup = F15368BB1F7D1AB6008343F5;
			productRefGroup = F15368C51F7D1AB6008343F5 /* Products */;
			projectDirPath = "";
			projectRoot = "";
			targets = (
				F15368C31F7D1AB6008343F5 /* NetPromoterScoreSurveyExample */,
			);
		};
/* End PBXProject section */

/* Begin PBXResourcesBuildPhase section */
		F15368C21F7D1AB6008343F5 /* Resources */ = {
			isa = PBXResourcesBuildPhase;
			buildActionMask = 2147483647;
			files = (
				F15368D21F7D1AB6008343F5 /* LaunchScreen.storyboard in Resources */,
				F15368CF1F7D1AB6008343F5 /* Assets.xcassets in Resources */,
				F15368CD1F7D1AB6008343F5 /* Main.storyboard in Resources */,
			);
			runOnlyForDeploymentPostprocessing = 0;
		};
/* End PBXResourcesBuildPhase section */

/* Begin PBXShellScriptBuildPhase section */
		03049BC10F9A1F14FF62BB47 /* [CP] Check Pods Manifest.lock */ = {
			isa = PBXShellScriptBuildPhase;
			buildActionMask = 2147483647;
			files = (
			);
			inputPaths = (
				"${PODS_PODFILE_DIR_PATH}/Podfile.lock",
				"${PODS_ROOT}/Manifest.lock",
			);
			name = "[CP] Check Pods Manifest.lock";
			outputPaths = (
				"$(DERIVED_FILE_DIR)/Pods-NetPromoterScoreSurveyExample-checkManifestLockResult.txt",
			);
			runOnlyForDeploymentPostprocessing = 0;
			shellPath = /bin/sh;
			shellScript = "diff \"${PODS_PODFILE_DIR_PATH}/Podfile.lock\" \"${PODS_ROOT}/Manifest.lock\" > /dev/null\nif [ $? != 0 ] ; then\n    # print error to STDERR\n    echo \"error: The sandbox is not in sync with the Podfile.lock. Run 'pod install' or update your CocoaPods installation.\" >&2\n    exit 1\nfi\n# This output is used by Xcode 'outputs' to avoid re-running this script phase.\necho \"SUCCESS\" > \"${SCRIPT_OUTPUT_FILE_0}\"\n";
			showEnvVarsInLog = 0;
		};
		EABE85135DE69F9D94076957 /* [CP] Embed Pods Frameworks */ = {
			isa = PBXShellScriptBuildPhase;
			buildActionMask = 2147483647;
			files = (
			);
			inputPaths = (
				"${PODS_ROOT}/Target Support Files/Pods-NetPromoterScoreSurveyExample/Pods-NetPromoterScoreSurveyExample-frameworks.sh",
				"${BUILT_PRODUCTS_DIR}/ADNetPromoterScoreSurvey/ADNetPromoterScoreSurvey.framework",
			);
			name = "[CP] Embed Pods Frameworks";
			outputPaths = (
				"${TARGET_BUILD_DIR}/${FRAMEWORKS_FOLDER_PATH}/ADNetPromoterScoreSurvey.framework",
			);
			runOnlyForDeploymentPostprocessing = 0;
			shellPath = /bin/sh;
			shellScript = "\"${PODS_ROOT}/Target Support Files/Pods-NetPromoterScoreSurveyExample/Pods-NetPromoterScoreSurveyExample-frameworks.sh\"\n";
			showEnvVarsInLog = 0;
		};
/* End PBXShellScriptBuildPhase section */

/* Begin PBXSourcesBuildPhase section */
		F15368C01F7D1AB6008343F5 /* Sources */ = {
			isa = PBXSourcesBuildPhase;
			buildActionMask = 2147483647;
			files = (
				F15368CA1F7D1AB6008343F5 /* ViewController.swift in Sources */,
				F15368C81F7D1AB6008343F5 /* AppDelegate.swift in Sources */,
			);
			runOnlyForDeploymentPostprocessing = 0;
		};
/* End PBXSourcesBuildPhase section */

/* Begin PBXVariantGroup section */
		F15368CB1F7D1AB6008343F5 /* Main.storyboard */ = {
			isa = PBXVariantGroup;
			children = (
				F15368CC1F7D1AB6008343F5 /* Base */,
			);
			name = Main.storyboard;
			sourceTree = "<group>";
		};
		F15368D01F7D1AB6008343F5 /* LaunchScreen.storyboard */ = {
			isa = PBXVariantGroup;
			children = (
				F15368D11F7D1AB6008343F5 /* Base */,
			);
			name = LaunchScreen.storyboard;
			sourceTree = "<group>";
		};
/* End PBXVariantGroup section */

/* Begin XCBuildConfiguration section */
		F15368D41F7D1AB6008343F5 /* Debug */ = {
			isa = XCBuildConfiguration;
			buildSettings = {
				ALWAYS_SEARCH_USER_PATHS = NO;
				CLANG_ANALYZER_NONNULL = YES;
				CLANG_ANALYZER_NUMBER_OBJECT_CONVERSION = YES_AGGRESSIVE;
				CLANG_CXX_LANGUAGE_STANDARD = "gnu++0x";
				CLANG_CXX_LIBRARY = "libc++";
				CLANG_ENABLE_MODULES = YES;
				CLANG_ENABLE_OBJC_ARC = YES;
				CLANG_WARN_BLOCK_CAPTURE_AUTORELEASING = YES;
				CLANG_WARN_BOOL_CONVERSION = YES;
				CLANG_WARN_COMMA = YES;
				CLANG_WARN_CONSTANT_CONVERSION = YES;
				CLANG_WARN_DEPRECATED_OBJC_IMPLEMENTATIONS = YES;
				CLANG_WARN_DIRECT_OBJC_ISA_USAGE = YES_ERROR;
				CLANG_WARN_DOCUMENTATION_COMMENTS = YES;
				CLANG_WARN_EMPTY_BODY = YES;
				CLANG_WARN_ENUM_CONVERSION = YES;
				CLANG_WARN_INFINITE_RECURSION = YES;
				CLANG_WARN_INT_CONVERSION = YES;
				CLANG_WARN_NON_LITERAL_NULL_CONVERSION = YES;
				CLANG_WARN_OBJC_IMPLICIT_RETAIN_SELF = YES;
				CLANG_WARN_OBJC_LITERAL_CONVERSION = YES;
				CLANG_WARN_OBJC_ROOT_CLASS = YES_ERROR;
				CLANG_WARN_RANGE_LOOP_ANALYSIS = YES;
				CLANG_WARN_STRICT_PROTOTYPES = YES;
				CLANG_WARN_SUSPICIOUS_MOVE = YES;
				CLANG_WARN_UNREACHABLE_CODE = YES;
				CLANG_WARN__DUPLICATE_METHOD_MATCH = YES;
				"CODE_SIGN_IDENTITY[sdk=iphoneos*]" = "iPhone Developer";
				COPY_PHASE_STRIP = NO;
				DEBUG_INFORMATION_FORMAT = dwarf;
				ENABLE_STRICT_OBJC_MSGSEND = YES;
				ENABLE_TESTABILITY = YES;
				GCC_C_LANGUAGE_STANDARD = gnu99;
				GCC_DYNAMIC_NO_PIC = NO;
				GCC_NO_COMMON_BLOCKS = YES;
				GCC_OPTIMIZATION_LEVEL = 0;
				GCC_PREPROCESSOR_DEFINITIONS = (
					"DEBUG=1",
					"$(inherited)",
				);
				GCC_WARN_64_TO_32_BIT_CONVERSION = YES;
				GCC_WARN_ABOUT_RETURN_TYPE = YES_ERROR;
				GCC_WARN_UNDECLARED_SELECTOR = YES;
				GCC_WARN_UNINITIALIZED_AUTOS = YES_AGGRESSIVE;
				GCC_WARN_UNUSED_FUNCTION = YES;
				GCC_WARN_UNUSED_VARIABLE = YES;
				IPHONEOS_DEPLOYMENT_TARGET = 10.3;
				MTL_ENABLE_DEBUG_INFO = YES;
				ONLY_ACTIVE_ARCH = YES;
				SDKROOT = iphoneos;
				SWIFT_ACTIVE_COMPILATION_CONDITIONS = DEBUG;
				SWIFT_OPTIMIZATION_LEVEL = "-Onone";
				TARGETED_DEVICE_FAMILY = "1,2";
			};
			name = Debug;
		};
		F15368D51F7D1AB6008343F5 /* Release */ = {
			isa = XCBuildConfiguration;
			buildSettings = {
				ALWAYS_SEARCH_USER_PATHS = NO;
				CLANG_ANALYZER_NONNULL = YES;
				CLANG_ANALYZER_NUMBER_OBJECT_CONVERSION = YES_AGGRESSIVE;
				CLANG_CXX_LANGUAGE_STANDARD = "gnu++0x";
				CLANG_CXX_LIBRARY = "libc++";
				CLANG_ENABLE_MODULES = YES;
				CLANG_ENABLE_OBJC_ARC = YES;
				CLANG_WARN_BLOCK_CAPTURE_AUTORELEASING = YES;
				CLANG_WARN_BOOL_CONVERSION = YES;
				CLANG_WARN_COMMA = YES;
				CLANG_WARN_CONSTANT_CONVERSION = YES;
				CLANG_WARN_DEPRECATED_OBJC_IMPLEMENTATIONS = YES;
				CLANG_WARN_DIRECT_OBJC_ISA_USAGE = YES_ERROR;
				CLANG_WARN_DOCUMENTATION_COMMENTS = YES;
				CLANG_WARN_EMPTY_BODY = YES;
				CLANG_WARN_ENUM_CONVERSION = YES;
				CLANG_WARN_INFINITE_RECURSION = YES;
				CLANG_WARN_INT_CONVERSION = YES;
				CLANG_WARN_NON_LITERAL_NULL_CONVERSION = YES;
				CLANG_WARN_OBJC_IMPLICIT_RETAIN_SELF = YES;
				CLANG_WARN_OBJC_LITERAL_CONVERSION = YES;
				CLANG_WARN_OBJC_ROOT_CLASS = YES_ERROR;
				CLANG_WARN_RANGE_LOOP_ANALYSIS = YES;
				CLANG_WARN_STRICT_PROTOTYPES = YES;
				CLANG_WARN_SUSPICIOUS_MOVE = YES;
				CLANG_WARN_UNREACHABLE_CODE = YES;
				CLANG_WARN__DUPLICATE_METHOD_MATCH = YES;
				"CODE_SIGN_IDENTITY[sdk=iphoneos*]" = "iPhone Developer";
				COPY_PHASE_STRIP = NO;
				DEBUG_INFORMATION_FORMAT = "dwarf-with-dsym";
				ENABLE_NS_ASSERTIONS = NO;
				ENABLE_STRICT_OBJC_MSGSEND = YES;
				GCC_C_LANGUAGE_STANDARD = gnu99;
				GCC_NO_COMMON_BLOCKS = YES;
				GCC_WARN_64_TO_32_BIT_CONVERSION = YES;
				GCC_WARN_ABOUT_RETURN_TYPE = YES_ERROR;
				GCC_WARN_UNDECLARED_SELECTOR = YES;
				GCC_WARN_UNINITIALIZED_AUTOS = YES_AGGRESSIVE;
				GCC_WARN_UNUSED_FUNCTION = YES;
				GCC_WARN_UNUSED_VARIABLE = YES;
				IPHONEOS_DEPLOYMENT_TARGET = 10.3;
				MTL_ENABLE_DEBUG_INFO = NO;
				SDKROOT = iphoneos;
				SWIFT_OPTIMIZATION_LEVEL = "-Owholemodule";
				TARGETED_DEVICE_FAMILY = "1,2";
				VALIDATE_PRODUCT = YES;
			};
			name = Release;
		};
		F15368D71F7D1AB6008343F5 /* Debug */ = {
			isa = XCBuildConfiguration;
			baseConfigurationReference = 540ECE4704919F1C6B36DC42 /* Pods-NetPromoterScoreSurveyExample.debug.xcconfig */;
			buildSettings = {
				ASSETCATALOG_COMPILER_APPICON_NAME = AppIcon;
				DEVELOPMENT_TEAM = "";
				INFOPLIST_FILE = NetPromoterScoreSurveyExample/Info.plist;
				LD_RUNPATH_SEARCH_PATHS = "$(inherited) @executable_path/Frameworks";
				PRODUCT_BUNDLE_IDENTIFIER = com.autodesk.NetPromoterScoreSurveyExample;
				PRODUCT_NAME = "$(TARGET_NAME)";
				SWIFT_SWIFT3_OBJC_INFERENCE = Default;
				SWIFT_VERSION = 4.0;
			};
			name = Debug;
		};
		F15368D81F7D1AB6008343F5 /* Release */ = {
			isa = XCBuildConfiguration;
			baseConfigurationReference = D42E52F79105CF155A352D09 /* Pods-NetPromoterScoreSurveyExample.release.xcconfig */;
			buildSettings = {
				ASSETCATALOG_COMPILER_APPICON_NAME = AppIcon;
				DEVELOPMENT_TEAM = "";
				INFOPLIST_FILE = NetPromoterScoreSurveyExample/Info.plist;
				LD_RUNPATH_SEARCH_PATHS = "$(inherited) @executable_path/Frameworks";
				PRODUCT_BUNDLE_IDENTIFIER = com.autodesk.NetPromoterScoreSurveyExample;
				PRODUCT_NAME = "$(TARGET_NAME)";
				SWIFT_SWIFT3_OBJC_INFERENCE = Default;
				SWIFT_VERSION = 4.0;
			};
			name = Release;
		};
/* End XCBuildConfiguration section */

/* Begin XCConfigurationList section */
		F15368BF1F7D1AB6008343F5 /* Build configuration list for PBXProject "NetPromoterScoreSurveyExample" */ = {
			isa = XCConfigurationList;
			buildConfigurations = (
				F15368D41F7D1AB6008343F5 /* Debug */,
				F15368D51F7D1AB6008343F5 /* Release */,
			);
			defaultConfigurationIsVisible = 0;
			defaultConfigurationName = Release;
		};
		F15368D61F7D1AB6008343F5 /* Build configuration list for PBXNativeTarget "NetPromoterScoreSurveyExample" */ = {
			isa = XCConfigurationList;
			buildConfigurations = (
				F15368D71F7D1AB6008343F5 /* Debug */,
				F15368D81F7D1AB6008343F5 /* Release */,
			);
			defaultConfigurationIsVisible = 0;
			defaultConfigurationName = Release;
		};
/* End XCConfigurationList section */
	};
	rootObject = F15368BC1F7D1AB6008343F5 /* Project object */;
}
